// !$*UTF8*$!
{
	archiveVersion = 1;
	classes = {
	};
	objectVersion = 46;
	objects = {

/* Begin PBXBuildFile section */
		7BD168A21EC4D06500CA0A86 /* AppDelegate.swift in Sources */ = {isa = PBXBuildFile; fileRef = 7BD168A11EC4D06500CA0A86 /* AppDelegate.swift */; };
		7BD168A41EC4D06500CA0A86 /* ViewController.swift in Sources */ = {isa = PBXBuildFile; fileRef = 7BD168A31EC4D06500CA0A86 /* ViewController.swift */; };
		7BD168A71EC4D06500CA0A86 /* Main.storyboard in Resources */ = {isa = PBXBuildFile; fileRef = 7BD168A51EC4D06500CA0A86 /* Main.storyboard */; };
		7BD168A91EC4D06500CA0A86 /* Assets.xcassets in Resources */ = {isa = PBXBuildFile; fileRef = 7BD168A81EC4D06500CA0A86 /* Assets.xcassets */; };
		7BD168AC1EC4D06500CA0A86 /* LaunchScreen.storyboard in Resources */ = {isa = PBXBuildFile; fileRef = 7BD168AA1EC4D06500CA0A86 /* LaunchScreen.storyboard */; };
		7BD168B71EC4D06500CA0A86 /* XIB_Login_AppTests.swift in Sources */ = {isa = PBXBuildFile; fileRef = 7BD168B61EC4D06500CA0A86 /* XIB_Login_AppTests.swift */; };
		7BD168C21EC4D06600CA0A86 /* XIB_Login_AppUITests.swift in Sources */ = {isa = PBXBuildFile; fileRef = 7BD168C11EC4D06600CA0A86 /* XIB_Login_AppUITests.swift */; };
		7BD168D11EC4D08700CA0A86 /* HomeViewController.swift in Sources */ = {isa = PBXBuildFile; fileRef = 7BD168CF1EC4D08700CA0A86 /* HomeViewController.swift */; };
		7BD168D21EC4D08700CA0A86 /* HomeViewController.xib in Resources */ = {isa = PBXBuildFile; fileRef = 7BD168D01EC4D08700CA0A86 /* HomeViewController.xib */; };
		7BD168D51EC4D09600CA0A86 /* LoginViewController.swift in Sources */ = {isa = PBXBuildFile; fileRef = 7BD168D31EC4D09600CA0A86 /* LoginViewController.swift */; };
		7BD168D61EC4D09600CA0A86 /* LoginViewController.xib in Resources */ = {isa = PBXBuildFile; fileRef = 7BD168D41EC4D09600CA0A86 /* LoginViewController.xib */; };
		7BD168DB1EC4D85700CA0A86 /* RegisterViewController.swift in Sources */ = {isa = PBXBuildFile; fileRef = 7BD168D91EC4D85700CA0A86 /* RegisterViewController.swift */; };
		7BD168DC1EC4D85700CA0A86 /* RegisterViewController.xib in Resources */ = {isa = PBXBuildFile; fileRef = 7BD168DA1EC4D85700CA0A86 /* RegisterViewController.xib */; };
/* End PBXBuildFile section */

/* Begin PBXContainerItemProxy section */
		7BD168B31EC4D06500CA0A86 /* PBXContainerItemProxy */ = {
			isa = PBXContainerItemProxy;
			containerPortal = 7BD168961EC4D06500CA0A86 /* Project object */;
			proxyType = 1;
			remoteGlobalIDString = 7BD1689D1EC4D06500CA0A86;
			remoteInfo = "XIB Login App";
		};
		7BD168BE1EC4D06600CA0A86 /* PBXContainerItemProxy */ = {
			isa = PBXContainerItemProxy;
			containerPortal = 7BD168961EC4D06500CA0A86 /* Project object */;
			proxyType = 1;
			remoteGlobalIDString = 7BD1689D1EC4D06500CA0A86;
			remoteInfo = "XIB Login App";
		};
/* End PBXContainerItemProxy section */

/* Begin PBXFileReference section */
		7BD1689E1EC4D06500CA0A86 /* XIB Login App.app */ = {isa = PBXFileReference; explicitFileType = wrapper.application; includeInIndex = 0; path = "XIB Login App.app"; sourceTree = BUILT_PRODUCTS_DIR; };
		7BD168A11EC4D06500CA0A86 /* AppDelegate.swift */ = {isa = PBXFileReference; lastKnownFileType = sourcecode.swift; path = AppDelegate.swift; sourceTree = "<group>"; };
		7BD168A31EC4D06500CA0A86 /* ViewController.swift */ = {isa = PBXFileReference; lastKnownFileType = sourcecode.swift; path = ViewController.swift; sourceTree = "<group>"; };
		7BD168A61EC4D06500CA0A86 /* Base */ = {isa = PBXFileReference; lastKnownFileType = file.storyboard; name = Base; path = Base.lproj/Main.storyboard; sourceTree = "<group>"; };
		7BD168A81EC4D06500CA0A86 /* Assets.xcassets */ = {isa = PBXFileReference; lastKnownFileType = folder.assetcatalog; path = Assets.xcassets; sourceTree = "<group>"; };
		7BD168AB1EC4D06500CA0A86 /* Base */ = {isa = PBXFileReference; lastKnownFileType = file.storyboard; name = Base; path = Base.lproj/LaunchScreen.storyboard; sourceTree = "<group>"; };
		7BD168AD1EC4D06500CA0A86 /* Info.plist */ = {isa = PBXFileReference; lastKnownFileType = text.plist.xml; path = Info.plist; sourceTree = "<group>"; };
		7BD168B21EC4D06500CA0A86 /* XIB Login AppTests.xctest */ = {isa = PBXFileReference; explicitFileType = wrapper.cfbundle; includeInIndex = 0; path = "XIB Login AppTests.xctest"; sourceTree = BUILT_PRODUCTS_DIR; };
		7BD168B61EC4D06500CA0A86 /* XIB_Login_AppTests.swift */ = {isa = PBXFileReference; lastKnownFileType = sourcecode.swift; path = XIB_Login_AppTests.swift; sourceTree = "<group>"; };
		7BD168B81EC4D06500CA0A86 /* Info.plist */ = {isa = PBXFileReference; lastKnownFileType = text.plist.xml; path = Info.plist; sourceTree = "<group>"; };
		7BD168BD1EC4D06600CA0A86 /* XIB Login AppUITests.xctest */ = {isa = PBXFileReference; explicitFileType = wrapper.cfbundle; includeInIndex = 0; path = "XIB Login AppUITests.xctest"; sourceTree = BUILT_PRODUCTS_DIR; };
		7BD168C11EC4D06600CA0A86 /* XIB_Login_AppUITests.swift */ = {isa = PBXFileReference; lastKnownFileType = sourcecode.swift; path = XIB_Login_AppUITests.swift; sourceTree = "<group>"; };
		7BD168C31EC4D06600CA0A86 /* Info.plist */ = {isa = PBXFileReference; lastKnownFileType = text.plist.xml; path = Info.plist; sourceTree = "<group>"; };
		7BD168CF1EC4D08700CA0A86 /* HomeViewController.swift */ = {isa = PBXFileReference; fileEncoding = 4; lastKnownFileType = sourcecode.swift; path = HomeViewController.swift; sourceTree = "<group>"; };
		7BD168D01EC4D08700CA0A86 /* HomeViewController.xib */ = {isa = PBXFileReference; fileEncoding = 4; lastKnownFileType = file.xib; path = HomeViewController.xib; sourceTree = "<group>"; };
		7BD168D31EC4D09600CA0A86 /* LoginViewController.swift */ = {isa = PBXFileReference; fileEncoding = 4; lastKnownFileType = sourcecode.swift; path = LoginViewController.swift; sourceTree = "<group>"; };
		7BD168D41EC4D09600CA0A86 /* LoginViewController.xib */ = {isa = PBXFileReference; fileEncoding = 4; lastKnownFileType = file.xib; path = LoginViewController.xib; sourceTree = "<group>"; };
		7BD168D91EC4D85700CA0A86 /* RegisterViewController.swift */ = {isa = PBXFileReference; fileEncoding = 4; lastKnownFileType = sourcecode.swift; path = RegisterViewController.swift; sourceTree = "<group>"; };
		7BD168DA1EC4D85700CA0A86 /* RegisterViewController.xib */ = {isa = PBXFileReference; fileEncoding = 4; lastKnownFileType = file.xib; path = RegisterViewController.xib; sourceTree = "<group>"; };
/* End PBXFileReference section */

/* Begin PBXFrameworksBuildPhase section */
		7BD1689B1EC4D06500CA0A86 /* Frameworks */ = {
			isa = PBXFrameworksBuildPhase;
			buildActionMask = 2147483647;
			files = (
			);
			runOnlyForDeploymentPostprocessing = 0;
		};
		7BD168AF1EC4D06500CA0A86 /* Frameworks */ = {
			isa = PBXFrameworksBuildPhase;
			buildActionMask = 2147483647;
			files = (
			);
			runOnlyForDeploymentPostprocessing = 0;
		};
		7BD168BA1EC4D06600CA0A86 /* Frameworks */ = {
			isa = PBXFrameworksBuildPhase;
			buildActionMask = 2147483647;
			files = (
			);
			runOnlyForDeploymentPostprocessing = 0;
		};
/* End PBXFrameworksBuildPhase section */

/* Begin PBXGroup section */
		7BD168951EC4D06500CA0A86 = {
			isa = PBXGroup;
			children = (
				7BD168A01EC4D06500CA0A86 /* XIB Login App */,
				7BD168B51EC4D06500CA0A86 /* XIB Login AppTests */,
				7BD168C01EC4D06600CA0A86 /* XIB Login AppUITests */,
				7BD1689F1EC4D06500CA0A86 /* Products */,
			);
			sourceTree = "<group>";
		};
		7BD1689F1EC4D06500CA0A86 /* Products */ = {
			isa = PBXGroup;
			children = (
				7BD1689E1EC4D06500CA0A86 /* XIB Login App.app */,
				7BD168B21EC4D06500CA0A86 /* XIB Login AppTests.xctest */,
				7BD168BD1EC4D06600CA0A86 /* XIB Login AppUITests.xctest */,
			);
			name = Products;
			sourceTree = "<group>";
		};
		7BD168A01EC4D06500CA0A86 /* XIB Login App */ = {
			isa = PBXGroup;
			children = (
				7BD168A11EC4D06500CA0A86 /* AppDelegate.swift */,
				7BD168A31EC4D06500CA0A86 /* ViewController.swift */,
				7BD168A51EC4D06500CA0A86 /* Main.storyboard */,
				7BD168A81EC4D06500CA0A86 /* Assets.xcassets */,
				7BD168AA1EC4D06500CA0A86 /* LaunchScreen.storyboard */,
				7BD168AD1EC4D06500CA0A86 /* Info.plist */,
				7BD168CF1EC4D08700CA0A86 /* HomeViewController.swift */,
				7BD168D01EC4D08700CA0A86 /* HomeViewController.xib */,
				7BD168D31EC4D09600CA0A86 /* LoginViewController.swift */,
				7BD168D41EC4D09600CA0A86 /* LoginViewController.xib */,
				7BD168D91EC4D85700CA0A86 /* RegisterViewController.swift */,
				7BD168DA1EC4D85700CA0A86 /* RegisterViewController.xib */,
			);
			path = "XIB Login App";
			sourceTree = "<group>";
		};
		7BD168B51EC4D06500CA0A86 /* XIB Login AppTests */ = {
			isa = PBXGroup;
			children = (
				7BD168B61EC4D06500CA0A86 /* XIB_Login_AppTests.swift */,
				7BD168B81EC4D06500CA0A86 /* Info.plist */,
			);
			path = "XIB Login AppTests";
			sourceTree = "<group>";
		};
		7BD168C01EC4D06600CA0A86 /* XIB Login AppUITests */ = {
			isa = PBXGroup;
			children = (
				7BD168C11EC4D06600CA0A86 /* XIB_Login_AppUITests.swift */,
				7BD168C31EC4D06600CA0A86 /* Info.plist */,
			);
			path = "XIB Login AppUITests";
			sourceTree = "<group>";
		};
/* End PBXGroup section */

/* Begin PBXNativeTarget section */
		7BD1689D1EC4D06500CA0A86 /* XIB Login App */ = {
			isa = PBXNativeTarget;
			buildConfigurationList = 7BD168C61EC4D06600CA0A86 /* Build configuration list for PBXNativeTarget "XIB Login App" */;
			buildPhases = (
				7BD1689A1EC4D06500CA0A86 /* Sources */,
				7BD1689B1EC4D06500CA0A86 /* Frameworks */,
				7BD1689C1EC4D06500CA0A86 /* Resources */,
			);
			buildRules = (
			);
			dependencies = (
			);
			name = "XIB Login App";
			productName = "XIB Login App";
			productReference = 7BD1689E1EC4D06500CA0A86 /* XIB Login App.app */;
			productType = "com.apple.product-type.application";
		};
		7BD168B11EC4D06500CA0A86 /* XIB Login AppTests */ = {
			isa = PBXNativeTarget;
			buildConfigurationList = 7BD168C91EC4D06600CA0A86 /* Build configuration list for PBXNativeTarget "XIB Login AppTests" */;
			buildPhases = (
				7BD168AE1EC4D06500CA0A86 /* Sources */,
				7BD168AF1EC4D06500CA0A86 /* Frameworks */,
				7BD168B01EC4D06500CA0A86 /* Resources */,
			);
			buildRules = (
			);
			dependencies = (
				7BD168B41EC4D06500CA0A86 /* PBXTargetDependency */,
			);
			name = "XIB Login AppTests";
			productName = "XIB Login AppTests";
			productReference = 7BD168B21EC4D06500CA0A86 /* XIB Login AppTests.xctest */;
			productType = "com.apple.product-type.bundle.unit-test";
		};
		7BD168BC1EC4D06600CA0A86 /* XIB Login AppUITests */ = {
			isa = PBXNativeTarget;
			buildConfigurationList = 7BD168CC1EC4D06600CA0A86 /* Build configuration list for PBXNativeTarget "XIB Login AppUITests" */;
			buildPhases = (
				7BD168B91EC4D06600CA0A86 /* Sources */,
				7BD168BA1EC4D06600CA0A86 /* Frameworks */,
				7BD168BB1EC4D06600CA0A86 /* Resources */,
			);
			buildRules = (
			);
			dependencies = (
				7BD168BF1EC4D06600CA0A86 /* PBXTargetDependency */,
			);
			name = "XIB Login AppUITests";
			productName = "XIB Login AppUITests";
			productReference = 7BD168BD1EC4D06600CA0A86 /* XIB Login AppUITests.xctest */;
			productType = "com.apple.product-type.bundle.ui-testing";
		};
/* End PBXNativeTarget section */

/* Begin PBXProject section */
		7BD168961EC4D06500CA0A86 /* Project object */ = {
			isa = PBXProject;
			attributes = {
				LastSwiftUpdateCheck = 0830;
				LastUpgradeCheck = 0830;
				ORGANIZATIONNAME = "Dhiya Ulhaq Zulha Alamsyah";
				TargetAttributes = {
					7BD1689D1EC4D06500CA0A86 = {
						CreatedOnToolsVersion = 8.3.1;
						ProvisioningStyle = Automatic;
					};
					7BD168B11EC4D06500CA0A86 = {
						CreatedOnToolsVersion = 8.3.1;
						ProvisioningStyle = Automatic;
						TestTargetID = 7BD1689D1EC4D06500CA0A86;
					};
					7BD168BC1EC4D06600CA0A86 = {
						CreatedOnToolsVersion = 8.3.1;
						ProvisioningStyle = Automatic;
						TestTargetID = 7BD1689D1EC4D06500CA0A86;
					};
				};
			};
			buildConfigurationList = 7BD168991EC4D06500CA0A86 /* Build configuration list for PBXProject "XIB Login App" */;
			compatibilityVersion = "Xcode 3.2";
			developmentRegion = English;
			hasScannedForEncodings = 0;
			knownRegions = (
				en,
				Base,
			);
			mainGroup = 7BD168951EC4D06500CA0A86;
			productRefGroup = 7BD1689F1EC4D06500CA0A86 /* Products */;
			projectDirPath = "";
			projectRoot = "";
			targets = (
				7BD1689D1EC4D06500CA0A86 /* XIB Login App */,
				7BD168B11EC4D06500CA0A86 /* XIB Login AppTests */,
				7BD168BC1EC4D06600CA0A86 /* XIB Login AppUITests */,
			);
		};
/* End PBXProject section */

/* Begin PBXResourcesBuildPhase section */
		7BD1689C1EC4D06500CA0A86 /* Resources */ = {
			isa = PBXResourcesBuildPhase;
			buildActionMask = 2147483647;
			files = (
				7BD168D61EC4D09600CA0A86 /* LoginViewController.xib in Resources */,
				7BD168AC1EC4D06500CA0A86 /* LaunchScreen.storyboard in Resources */,
				7BD168A91EC4D06500CA0A86 /* Assets.xcassets in Resources */,
				7BD168A71EC4D06500CA0A86 /* Main.storyboard in Resources */,
				7BD168D21EC4D08700CA0A86 /* HomeViewController.xib in Resources */,
				7BD168DC1EC4D85700CA0A86 /* RegisterViewController.xib in Resources */,
			);
			runOnlyForDeploymentPostprocessing = 0;
		};
		7BD168B01EC4D06500CA0A86 /* Resources */ = {
			isa = PBXResourcesBuildPhase;
			buildActionMask = 2147483647;
			files = (
			);
			runOnlyForDeploymentPostprocessing = 0;
		};
		7BD168BB1EC4D06600CA0A86 /* Resources */ = {
			isa = PBXResourcesBuildPhase;
			buildActionMask = 2147483647;
			files = (
			);
			runOnlyForDeploymentPostprocessing = 0;
		};
/* End PBXResourcesBuildPhase section */

/* Begin PBXSourcesBuildPhase section */
		7BD1689A1EC4D06500CA0A86 /* Sources */ = {
			isa = PBXSourcesBuildPhase;
			buildActionMask = 2147483647;
			files = (
				7BD168D51EC4D09600CA0A86 /* LoginViewController.swift in Sources */,
				7BD168DB1EC4D85700CA0A86 /* RegisterViewController.swift in Sources */,
				7BD168A41EC4D06500CA0A86 /* ViewController.swift in Sources */,
				7BD168A21EC4D06500CA0A86 /* AppDelegate.swift in Sources */,
				7BD168D11EC4D08700CA0A86 /* HomeViewController.swift in Sources */,
			);
			runOnlyForDeploymentPostprocessing = 0;
		};
		7BD168AE1EC4D06500CA0A86 /* Sources */ = {
			isa = PBXSourcesBuildPhase;
			buildActionMask = 2147483647;
			files = (
				7BD168B71EC4D06500CA0A86 /* XIB_Login_AppTests.swift in Sources */,
			);
			runOnlyForDeploymentPostprocessing = 0;
		};
		7BD168B91EC4D06600CA0A86 /* Sources */ = {
			isa = PBXSourcesBuildPhase;
			buildActionMask = 2147483647;
			files = (
				7BD168C21EC4D06600CA0A86 /* XIB_Login_AppUITests.swift in Sources */,
			);
			runOnlyForDeploymentPostprocessing = 0;
		};
/* End PBXSourcesBuildPhase section */

/* Begin PBXTargetDependency section */
		7BD168B41EC4D06500CA0A86 /* PBXTargetDependency */ = {
			isa = PBXTargetDependency;
			target = 7BD1689D1EC4D06500CA0A86 /* XIB Login App */;
			targetProxy = 7BD168B31EC4D06500CA0A86 /* PBXContainerItemProxy */;
		};
		7BD168BF1EC4D06600CA0A86 /* PBXTargetDependency */ = {
			isa = PBXTargetDependency;
			target = 7BD1689D1EC4D06500CA0A86 /* XIB Login App */;
			targetProxy = 7BD168BE1EC4D06600CA0A86 /* PBXContainerItemProxy */;
		};
/* End PBXTargetDependency section */

/* Begin PBXVariantGroup section */
		7BD168A51EC4D06500CA0A86 /* Main.storyboard */ = {
			isa = PBXVariantGroup;
			children = (
				7BD168A61EC4D06500CA0A86 /* Base */,
			);
			name = Main.storyboard;
			sourceTree = "<group>";
		};
		7BD168AA1EC4D06500CA0A86 /* LaunchScreen.storyboard */ = {
			isa = PBXVariantGroup;
			children = (
				7BD168AB1EC4D06500CA0A86 /* Base */,
			);
			name = LaunchScreen.storyboard;
			sourceTree = "<group>";
		};
/* End PBXVariantGroup section */

/* Begin XCBuildConfiguration section */
		7BD168C41EC4D06600CA0A86 /* Debug */ = {
			isa = XCBuildConfiguration;
			buildSettings = {
				ALWAYS_SEARCH_USER_PATHS = NO;
				CLANG_ANALYZER_NONNULL = YES;
				CLANG_ANALYZER_NUMBER_OBJECT_CONVERSION = YES_AGGRESSIVE;
				CLANG_CXX_LANGUAGE_STANDARD = "gnu++0x";
				CLANG_CXX_LIBRARY = "libc++";
				CLANG_ENABLE_MODULES = YES;
				CLANG_ENABLE_OBJC_ARC = YES;
				CLANG_WARN_BOOL_CONVERSION = YES;
				CLANG_WARN_CONSTANT_CONVERSION = YES;
				CLANG_WARN_DIRECT_OBJC_ISA_USAGE = YES_ERROR;
				CLANG_WARN_DOCUMENTATION_COMMENTS = YES;
				CLANG_WARN_EMPTY_BODY = YES;
				CLANG_WARN_ENUM_CONVERSION = YES;
				CLANG_WARN_INFINITE_RECURSION = YES;
				CLANG_WARN_INT_CONVERSION = YES;
				CLANG_WARN_OBJC_ROOT_CLASS = YES_ERROR;
				CLANG_WARN_SUSPICIOUS_MOVE = YES;
				CLANG_WARN_UNREACHABLE_CODE = YES;
				CLANG_WARN__DUPLICATE_METHOD_MATCH = YES;
				"CODE_SIGN_IDENTITY[sdk=iphoneos*]" = "iPhone Developer";
				COPY_PHASE_STRIP = NO;
				DEBUG_INFORMATION_FORMAT = dwarf;
				ENABLE_STRICT_OBJC_MSGSEND = YES;
				ENABLE_TESTABILITY = YES;
				GCC_C_LANGUAGE_STANDARD = gnu99;
				GCC_DYNAMIC_NO_PIC = NO;
				GCC_NO_COMMON_BLOCKS = YES;
				GCC_OPTIMIZATION_LEVEL = 0;
				GCC_PREPROCESSOR_DEFINITIONS = (
					"DEBUG=1",
					"$(inherited)",
				);
				GCC_WARN_64_TO_32_BIT_CONVERSION = YES;
				GCC_WARN_ABOUT_RETURN_TYPE = YES_ERROR;
				GCC_WARN_UNDECLARED_SELECTOR = YES;
				GCC_WARN_UNINITIALIZED_AUTOS = YES_AGGRESSIVE;
				GCC_WARN_UNUSED_FUNCTION = YES;
				GCC_WARN_UNUSED_VARIABLE = YES;
				IPHONEOS_DEPLOYMENT_TARGET = 10.3;
				MTL_ENABLE_DEBUG_INFO = YES;
				ONLY_ACTIVE_ARCH = YES;
				SDKROOT = iphoneos;
				SWIFT_ACTIVE_COMPILATION_CONDITIONS = DEBUG;
				SWIFT_OPTIMIZATION_LEVEL = "-Onone";
				TARGETED_DEVICE_FAMILY = "1,2";
			};
			name = Debug;
		};
		7BD168C51EC4D06600CA0A86 /* Release */ = {
			isa = XCBuildConfiguration;
			buildSettings = {
				ALWAYS_SEARCH_USER_PATHS = NO;
				CLANG_ANALYZER_NONNULL = YES;
				CLANG_ANALYZER_NUMBER_OBJECT_CONVERSION = YES_AGGRESSIVE;
				CLANG_CXX_LANGUAGE_STANDARD = "gnu++0x";
				CLANG_CXX_LIBRARY = "libc++";
				CLANG_ENABLE_MODULES = YES;
				CLANG_ENABLE_OBJC_ARC = YES;
				CLANG_WARN_BOOL_CONVERSION = YES;
				CLANG_WARN_CONSTANT_CONVERSION = YES;
				CLANG_WARN_DIRECT_OBJC_ISA_USAGE = YES_ERROR;
				CLANG_WARN_DOCUMENTATION_COMMENTS = YES;
				CLANG_WARN_EMPTY_BODY = YES;
				CLANG_WARN_ENUM_CONVERSION = YES;
				CLANG_WARN_INFINITE_RECURSION = YES;
				CLANG_WARN_INT_CONVERSION = YES;
				CLANG_WARN_OBJC_ROOT_CLASS = YES_ERROR;
				CLANG_WARN_SUSPICIOUS_MOVE = YES;
				CLANG_WARN_UNREACHABLE_CODE = YES;
				CLANG_WARN__DUPLICATE_METHOD_MATCH = YES;
				"CODE_SIGN_IDENTITY[sdk=iphoneos*]" = "iPhone Developer";
				COPY_PHASE_STRIP = NO;
				DEBUG_INFORMATION_FORMAT = "dwarf-with-dsym";
				ENABLE_NS_ASSERTIONS = NO;
				ENABLE_STRICT_OBJC_MSGSEND = YES;
				GCC_C_LANGUAGE_STANDARD = gnu99;
				GCC_NO_COMMON_BLOCKS = YES;
				GCC_WARN_64_TO_32_BIT_CONVERSION = YES;
				GCC_WARN_ABOUT_RETURN_TYPE = YES_ERROR;
				GCC_WARN_UNDECLARED_SELECTOR = YES;
				GCC_WARN_UNINITIALIZED_AUTOS = YES_AGGRESSIVE;
				GCC_WARN_UNUSED_FUNCTION = YES;
				GCC_WARN_UNUSED_VARIABLE = YES;
				IPHONEOS_DEPLOYMENT_TARGET = 10.3;
				MTL_ENABLE_DEBUG_INFO = NO;
				SDKROOT = iphoneos;
				SWIFT_OPTIMIZATION_LEVEL = "-Owholemodule";
				TARGETED_DEVICE_FAMILY = "1,2";
				VALIDATE_PRODUCT = YES;
			};
			name = Release;
		};
		7BD168C71EC4D06600CA0A86 /* Debug */ = {
			isa = XCBuildConfiguration;
			buildSettings = {
				ASSETCATALOG_COMPILER_APPICON_NAME = AppIcon;
				INFOPLIST_FILE = "XIB Login App/Info.plist";
				LD_RUNPATH_SEARCH_PATHS = "$(inherited) @executable_path/Frameworks";
				PRODUCT_BUNDLE_IDENTIFIER = "com.dhiyaulhaqza.XIB-Login-App";
				PRODUCT_NAME = "$(TARGET_NAME)";
				SWIFT_VERSION = 3.0;
			};
			name = Debug;
		};
		7BD168C81EC4D06600CA0A86 /* Release */ = {
			isa = XCBuildConfiguration;
			buildSettings = {
				ASSETCATALOG_COMPILER_APPICON_NAME = AppIcon;
				INFOPLIST_FILE = "XIB Login App/Info.plist";
				LD_RUNPATH_SEARCH_PATHS = "$(inherited) @executable_path/Frameworks";
				PRODUCT_BUNDLE_IDENTIFIER = "com.dhiyaulhaqza.XIB-Login-App";
				PRODUCT_NAME = "$(TARGET_NAME)";
				SWIFT_VERSION = 3.0;
			};
			name = Release;
		};
		7BD168CA1EC4D06600CA0A86 /* Debug */ = {
			isa = XCBuildConfiguration;
			buildSettings = {
				ALWAYS_EMBED_SWIFT_STANDARD_LIBRARIES = YES;
				BUNDLE_LOADER = "$(TEST_HOST)";
				INFOPLIST_FILE = "XIB Login AppTests/Info.plist";
				LD_RUNPATH_SEARCH_PATHS = "$(inherited) @executable_path/Frameworks @loader_path/Frameworks";
				PRODUCT_BUNDLE_IDENTIFIER = "com.dhiyaulhaqza.XIB-Login-AppTests";
				PRODUCT_NAME = "$(TARGET_NAME)";
				SWIFT_VERSION = 3.0;
				TEST_HOST = "$(BUILT_PRODUCTS_DIR)/XIB Login App.app/XIB Login App";
			};
			name = Debug;
		};
		7BD168CB1EC4D06600CA0A86 /* Release */ = {
			isa = XCBuildConfiguration;
			buildSettings = {
				ALWAYS_EMBED_SWIFT_STANDARD_LIBRARIES = YES;
				BUNDLE_LOADER = "$(TEST_HOST)";
				INFOPLIST_FILE = "XIB Login AppTests/Info.plist";
				LD_RUNPATH_SEARCH_PATHS = "$(inherited) @executable_path/Frameworks @loader_path/Frameworks";
				PRODUCT_BUNDLE_IDENTIFIER = "com.dhiyaulhaqza.XIB-Login-AppTests";
				PRODUCT_NAME = "$(TARGET_NAME)";
				SWIFT_VERSION = 3.0;
				TEST_HOST = "$(BUILT_PRODUCTS_DIR)/XIB Login App.app/XIB Login App";
			};
			name = Release;
		};
		7BD168CD1EC4D06600CA0A86 /* Debug */ = {
			isa = XCBuildConfiguration;
			buildSettings = {
				ALWAYS_EMBED_SWIFT_STANDARD_LIBRARIES = YES;
				INFOPLIST_FILE = "XIB Login AppUITests/Info.plist";
				LD_RUNPATH_SEARCH_PATHS = "$(inherited) @executable_path/Frameworks @loader_path/Frameworks";
				PRODUCT_BUNDLE_IDENTIFIER = "com.dhiyaulhaqza.XIB-Login-AppUITests";
				PRODUCT_NAME = "$(TARGET_NAME)";
				SWIFT_VERSION = 3.0;
				TEST_TARGET_NAME = "XIB Login App";
			};
			name = Debug;
		};
		7BD168CE1EC4D06600CA0A86 /* Release */ = {
			isa = XCBuildConfiguration;
			buildSettings = {
				ALWAYS_EMBED_SWIFT_STANDARD_LIBRARIES = YES;
				INFOPLIST_FILE = "XIB Login AppUITests/Info.plist";
				LD_RUNPATH_SEARCH_PATHS = "$(inherited) @executable_path/Frameworks @loader_path/Frameworks";
				PRODUCT_BUNDLE_IDENTIFIER = "com.dhiyaulhaqza.XIB-Login-AppUITests";
				PRODUCT_NAME = "$(TARGET_NAME)";
				SWIFT_VERSION = 3.0;
				TEST_TARGET_NAME = "XIB Login App";
			};
			name = Release;
		};
/* End XCBuildConfiguration section */

/* Begin XCConfigurationList section */
		7BD168991EC4D06500CA0A86 /* Build configuration list for PBXProject "XIB Login App" */ = {
			isa = XCConfigurationList;
			buildConfigurations = (
				7BD168C41EC4D06600CA0A86 /* Debug */,
				7BD168C51EC4D06600CA0A86 /* Release */,
			);
			defaultConfigurationIsVisible = 0;
			defaultConfigurationName = Release;
		};
		7BD168C61EC4D06600CA0A86 /* Build configuration list for PBXNativeTarget "XIB Login App" */ = {
			isa = XCConfigurationList;
			buildConfigurations = (
				7BD168C71EC4D06600CA0A86 /* Debug */,
				7BD168C81EC4D06600CA0A86 /* Release */,
			);
			defaultConfigurationIsVisible = 0;
		};
		7BD168C91EC4D06600CA0A86 /* Build configuration list for PBXNativeTarget "XIB Login AppTests" */ = {
			isa = XCConfigurationList;
			buildConfigurations = (
				7BD168CA1EC4D06600CA0A86 /* Debug */,
				7BD168CB1EC4D06600CA0A86 /* Release */,
			);
			defaultConfigurationIsVisible = 0;
		};
		7BD168CC1EC4D06600CA0A86 /* Build configuration list for PBXNativeTarget "XIB Login AppUITests" */ = {
			isa = XCConfigurationList;
			buildConfigurations = (
				7BD168CD1EC4D06600CA0A86 /* Debug */,
				7BD168CE1EC4D06600CA0A86 /* Release */,
			);
			defaultConfigurationIsVisible = 0;
		};
/* End XCConfigurationList section */
	};
	rootObject = 7BD168961EC4D06500CA0A86 /* Project object */;
}
